{
    "name": "tenderly-actions-test",
    "version": "0.0.0",
    "lockfileVersion": 2,
    "requires": true,
    "packages": {
        "": {
            "version": "0.0.0",
            "dependencies": {
                "tenderly-actions": "^1.5.0"
            },
            "devDependencies": {
                "typescript": "^4.4.3"
            }
        },
        "node_modules/tenderly-actions": {
            "version": "1.5.0",
            "resolved": "http://localhost:4873/tenderly-actions/-/tenderly-actions-1.5.0.tgz",
            "integrity": "sha512-Y/mBjwVEglA7ssBIyHm2g3H8QJv/Q4dIdqpkZu6RVXxQ1Y0hYmbBGqi+RncDRsMWvfn2cbuFcG0zjh5BGxPyEA=="
        },
        "node_modules/typescript": {
            "version": "4.4.3",
            "resolved": "https://registry.npmjs.org/typescript/-/typescript-4.4.3.tgz",
            "integrity": "sha512-4xfscpisVgqqDfPaJo5vkd+Qd/ItkoagnHpufr+i2QCHBsNYp+G7UAoyFl8aPtx879u38wPV65rZ8qbGZijalA==",
            "dev": true,
            "bin": {
                "tsc": "bin/tsc",
                "tsserver": "bin/tsserver"
            },
            "engines": {
                "node": ">=4.2.0"
            }
        }
    },
    "dependencies": {
        "tenderly-actions": {
            "version": "1.5.0",
            "resolved": "http://localhost:4873/tenderly-actions/-/tenderly-actions-1.5.0.tgz",
            "integrity": "sha512-Y/mBjwVEglA7ssBIyHm2g3H8QJv/Q4dIdqpkZu6RVXxQ1Y0hYmbBGqi+RncDRsMWvfn2cbuFcG0zjh5BGxPyEA=="
        },
        "typescript": {
            "version": "4.4.3",
            "resolved": "https://registry.npmjs.org/typescript/-/typescript-4.4.3.tgz",
            "integrity": "sha512-4xfscpisVgqqDfPaJo5vkd+Qd/ItkoagnHpufr+i2QCHBsNYp+G7UAoyFl8aPtx879u38wPV65rZ8qbGZijalA==",
            "dev": true
        }
    }
}
