{
    "name": "@tenderly/actions-test",
    "version": "0.2.169",
    "lockfileVersion": 3,
    "requires": true,
    "packages": {
        "": {
            "name": "@tenderly/actions-test",
            "version": "0.2.169",
            "dependencies": {
                "@tenderly/actions": "^0.2.41"
            },
            "devDependencies": {
                "typescript": "^4.4.3"
            }
        },
        "node_modules/@tenderly/actions": {
            "version": "0.2.169",
            "resolved": "https://registry.npmjs.org/@tenderly/actions/-/actions-0.2.169.tgz",
            "integrity": "sha512-9a1NdPYceHGeCosTRjUxeyOVDlxvamJsx7ZQz/4Rw66ZkPVymZhH4VPiuJNSXt9yBt7XSW5qL0xc7Zh8C0Vn2g=="
        },
        "node_modules/typescript": {
            "version": "4.9.5",
            "resolved": "https://registry.npmjs.org/typescript/-/typescript-4.9.5.tgz",
            "integrity": "sha512-1FXk9E2Hm+QzZQ7z+McJiHL4NW1F2EzMu9Nq9i3zAaGqibafqYwCVU6WyWAuyQRRzOlxou8xZSyXLEN8oKj24g==",
            "dev": true,
            "bin": {
                "tsc": "bin/tsc",
                "tsserver": "bin/tsserver"
            },
            "engines": {
                "node": ">=4.2.0"
            }
        }
    }
}
