{
    "name": "@tenderly/actions-test",
    "version": "0.0.13",
    "lockfileVersion": 2,
    "requires": true,
    "packages": {
        "": {
            "name": "@tenderly/actions-test",
            "version": "0.0.13",
            "dependencies": {
                "@tenderly/actions": "^0.0.12"
            },
            "devDependencies": {
                "typescript": "^4.4.3"
            }
        },
        "node_modules/@tenderly/actions": {
            "version": "0.0.12",
            "resolved": "https://registry.npmjs.org/@tenderly/actions/-/actions-0.0.12.tgz",
            "integrity": "sha512-cyqbHLu3vfsOPe+x6wfW1L/bTdr6epmoxrOJWdN9aDW/vXayUTkQa+oBdEJinhk8Dtd8aQeCBahkv20gddJp1g=="
        },
        "node_modules/typescript": {
            "version": "4.4.3",
            "resolved": "https://registry.npmjs.org/typescript/-/typescript-4.4.3.tgz",
            "integrity": "sha512-4xfscpisVgqqDfPaJo5vkd+Qd/ItkoagnHpufr+i2QCHBsNYp+G7UAoyFl8aPtx879u38wPV65rZ8qbGZijalA==",
            "dev": true,
            "bin": {
                "tsc": "bin/tsc",
                "tsserver": "bin/tsserver"
            },
            "engines": {
                "node": ">=4.2.0"
            }
        }
    },
    "dependencies": {
        "@tenderly/actions": {
            "version": "0.0.12",
            "resolved": "https://registry.npmjs.org/@tenderly/actions/-/actions-0.0.12.tgz",
            "integrity": "sha512-cyqbHLu3vfsOPe+x6wfW1L/bTdr6epmoxrOJWdN9aDW/vXayUTkQa+oBdEJinhk8Dtd8aQeCBahkv20gddJp1g=="
        },
        "typescript": {
            "version": "4.4.3",
            "resolved": "https://registry.npmjs.org/typescript/-/typescript-4.4.3.tgz",
            "integrity": "sha512-4xfscpisVgqqDfPaJo5vkd+Qd/ItkoagnHpufr+i2QCHBsNYp+G7UAoyFl8aPtx879u38wPV65rZ8qbGZijalA==",
            "dev": true
        }
    }
}
